<?xml version="1.0" encoding="utf-8"?>
<Project ToolsVersion="4.0" xmlns="http://schemas.microsoft.com/developer/msbuild/2003">
  <ItemGroup>
    <Filter Include="Source Files">
      <UniqueIdentifier>{4FC737F1-C7A5-4376-A066-2A32D752A2FF}</UniqueIdentifier>
      <Extensions>cpp;c;cxx;cc;s;asm</Extensions>
    </Filter>
    <Filter Include="Source Files\PrividedAllocator">
      <UniqueIdentifier>{8e8a5f04-7aed-4f6c-8996-2246fb8fe8b9}</UniqueIdentifier>
    </Filter>
    <Filter Include="Source Files\Math">
      <UniqueIdentifier>{6be82ee4-cd77-410f-84da-4f378a041460}</UniqueIdentifier>
    </Filter>
    <Filter Include="Source Files\Scenes">
      <UniqueIdentifier>{dac2d098-d0bb-4fab-92b3-92cee4ddceda}</UniqueIdentifier>
    </Filter>
  </ItemGroup>
  <ItemGroup>
    <ClCompile Include="main.cpp">
      <Filter>Source Files</Filter>
    </ClCompile>
    <ClCompile Include="Math.cpp">
      <Filter>Source Files\Math</Filter>
    </ClCompile>
  </ItemGroup>
  <ItemGroup>
    <ClInclude Include="allocator.h">
      <Filter>Source Files\PrividedAllocator</Filter>
    </ClInclude>
    <ClInclude Include="ExampleScenes.h">
      <Filter>Source Files</Filter>
    </ClInclude>
    <ClInclude Include="Frame.h">
      <Filter>Source Files</Filter>
    </ClInclude>
    <ClInclude Include="KeyFrame.h">
      <Filter>Source Files</Filter>
    </ClInclude>
    <ClInclude Include="Rendering.h">
      <Filter>Source Files</Filter>
    </ClInclude>
    <ClInclude Include="RenderManager.h">
      <Filter>Source Files</Filter>
    </ClInclude>
    <ClInclude Include="Sphere.h">
      <Filter>Source Files</Filter>
    </ClInclude>
    <ClInclude Include="TestScenes.h">
      <Filter>Source Files</Filter>
    </ClInclude>
    <ClInclude Include="Vec3.h">
      <Filter>Source Files</Filter>
    </ClInclude>
    <ClInclude Include="MathTypes.h">
      <Filter>Source Files\Math</Filter>
    </ClInclude>
    <ClInclude Include="Math.h">
      <Filter>Source Files\Math</Filter>
    </ClInclude>
    <ClInclude Include="MathDefines.h">
      <Filter>Source Files\Math</Filter>
    </ClInclude>
  </ItemGroup>
</Project>