
Microsoft Visual Studio Solution File, Format Version 12.00
# Visual Studio 2013
VisualStudioVersion = 12.0.31101.0
MinimumVisualStudioVersion = 10.0.40219.1
Project("{8BC9CEB8-8B4A-11D0-8D11-00A0C91BC942}") = "PlayStationRayTracer", "PlayStationRayTracer\PlayStationRayTracer.vcxproj", "{D6B8DC71-7620-4B9A-8B66-001B54851264}"
EndProject
Global
	GlobalSection(SolutionConfigurationPlatforms) = preSolution
		Debug|ORBIS = Debug|ORBIS
		Release|ORBIS = Release|ORBIS
	EndGlobalSection
	GlobalSection(ProjectConfigurationPlatforms) = postSolution
		{D6B8DC71-7620-4B9A-8B66-001B54851264}.Debug|ORBIS.ActiveCfg = Debug|ORBIS
		{D6B8DC71-7620-4B9A-8B66-001B54851264}.Debug|ORBIS.Build.0 = Debug|ORBIS
		{D6B8DC71-7620-4B9A-8B66-001B54851264}.Release|ORBIS.ActiveCfg = Release|ORBIS
		{D6B8DC71-7620-4B9A-8B66-001B54851264}.Release|ORBIS.Build.0 = Release|ORBIS
	EndGlobalSection
	GlobalSection(SolutionProperties) = preSolution
		HideSolutionNode = FALSE
	EndGlobalSection
EndGlobal
